
Microsoft Visual Studio Solution File, Format Version 12.00
# Visual Studio Version 17
VisualStudioVersion = 17.3.32929.385
MinimumVisualStudioVersion = 10.0.40219.1
Project("{FAE04EC0-301F-11D3-BF4B-00C04F79EFBC}") = "MidiSorcery", "MidiSorcery\MidiSorcery.csproj", "{8F27C77C-86D1-4997-9060-7661CB235821}"
EndProject
Global
	GlobalSection(SolutionConfigurationPlatforms) = preSolution
		Debug|Any CPU = Debug|Any CPU
		Release|Any CPU = Release|Any CPU
	EndGlobalSection
	GlobalSection(ProjectConfigurationPlatforms) = postSolution
		{8F27C77C-86D1-4997-9060-7661CB235821}.Debug|Any CPU.ActiveCfg = Debug|Any CPU
		{8F27C77C-86D1-4997-9060-7661CB235821}.Debug|Any CPU.Build.0 = Debug|Any CPU
		{8F27C77C-86D1-4997-9060-7661CB235821}.Release|Any CPU.ActiveCfg = Release|Any CPU
		{8F27C77C-86D1-4997-9060-7661CB235821}.Release|Any CPU.Build.0 = Release|Any CPU
	EndGlobalSection
	GlobalSection(SolutionProperties) = preSolution
		HideSolutionNode = FALSE
	EndGlobalSection
	GlobalSection(ExtensibilityGlobals) = postSolution
		SolutionGuid = {363E28DF-C85B-482A-9261-301D00A71F9A}
	EndGlobalSection
EndGlobal
